// !$*UTF8*$!
{
	archiveVersion = 1;
	classes = {
	};
	objectVersion = 55;
	objects = {

/* Begin PBXBuildFile section */
		5B47231628AA83AF00BD7B9C /* AppDelegate.swift in Sources */ = {isa = PBXBuildFile; fileRef = 5B47231528AA83AF00BD7B9C /* AppDelegate.swift */; };
		5B47231828AA83AF00BD7B9C /* SceneDelegate.swift in Sources */ = {isa = PBXBuildFile; fileRef = 5B47231728AA83AF00BD7B9C /* SceneDelegate.swift */; };
		5B47231F28AA83B100BD7B9C /* Assets.xcassets in Resources */ = {isa = PBXBuildFile; fileRef = 5B47231E28AA83B100BD7B9C /* Assets.xcassets */; };
		5B47232228AA83B100BD7B9C /* LaunchScreen.storyboard in Resources */ = {isa = PBXBuildFile; fileRef = 5B47232028AA83B100BD7B9C /* LaunchScreen.storyboard */; };
		5B47233728AA83B200BD7B9C /* WhatTypeOfDogIsThatUITests.swift in Sources */ = {isa = PBXBuildFile; fileRef = 5B47233628AA83B200BD7B9C /* WhatTypeOfDogIsThatUITests.swift */; };
		5B47233928AA83B200BD7B9C /* WhatTypeOfDogIsThatUITestsLaunchTests.swift in Sources */ = {isa = PBXBuildFile; fileRef = 5B47233828AA83B200BD7B9C /* WhatTypeOfDogIsThatUITestsLaunchTests.swift */; };
		5B4A799E28ACD97C00938C13 /* BreedMoreInformationPresenter.swift in Sources */ = {isa = PBXBuildFile; fileRef = 5B4A799D28ACD97C00938C13 /* BreedMoreInformationPresenter.swift */; };
		5B4A79A128ACD99300938C13 /* BreedMoreInformationViewController.swift in Sources */ = {isa = PBXBuildFile; fileRef = 5B4A799F28ACD99300938C13 /* BreedMoreInformationViewController.swift */; };
		5B4A79A228ACD99300938C13 /* BreedMoreInformationViewController.xib in Resources */ = {isa = PBXBuildFile; fileRef = 5B4A79A028ACD99300938C13 /* BreedMoreInformationViewController.xib */; };
		5B4A79A828AD62DE00938C13 /* BreedNameTableViewCell.swift in Sources */ = {isa = PBXBuildFile; fileRef = 5B4A79A628AD62DE00938C13 /* BreedNameTableViewCell.swift */; };
		5B4A79A928AD62DE00938C13 /* BreedNameTableViewCell.xib in Resources */ = {isa = PBXBuildFile; fileRef = 5B4A79A728AD62DE00938C13 /* BreedNameTableViewCell.xib */; };
		5B4A79AE28AD6C2A00938C13 /* BreedImageTableViewCell.swift in Sources */ = {isa = PBXBuildFile; fileRef = 5B4A79AC28AD6C2A00938C13 /* BreedImageTableViewCell.swift */; };
		5B4A79AF28AD6C2A00938C13 /* BreedImageTableViewCell.xib in Resources */ = {isa = PBXBuildFile; fileRef = 5B4A79AD28AD6C2A00938C13 /* BreedImageTableViewCell.xib */; };
		5B4A79B228AD74AB00938C13 /* BreedInfoPresenterTests.swift in Sources */ = {isa = PBXBuildFile; fileRef = 5B4A79B128AD74AB00938C13 /* BreedInfoPresenterTests.swift */; };
		5B4A79B328AD757F00938C13 /* BreedMoreInformationViewController.swift in Sources */ = {isa = PBXBuildFile; fileRef = 5B4A799F28ACD99300938C13 /* BreedMoreInformationViewController.swift */; };
		5B4A79B428AD758200938C13 /* BreedMoreInformationPresenter.swift in Sources */ = {isa = PBXBuildFile; fileRef = 5B4A799D28ACD97C00938C13 /* BreedMoreInformationPresenter.swift */; };
		5B4A79B528AD779F00938C13 /* URL+Extensions.swift in Sources */ = {isa = PBXBuildFile; fileRef = 5B86A26828AADA9B00126EDB /* URL+Extensions.swift */; };
		5B4A79B628AD77AB00938C13 /* BreedNameTableViewCell.swift in Sources */ = {isa = PBXBuildFile; fileRef = 5B4A79A628AD62DE00938C13 /* BreedNameTableViewCell.swift */; };
		5B4A79B728AD77C000938C13 /* BreedImageTableViewCell.swift in Sources */ = {isa = PBXBuildFile; fileRef = 5B4A79AC28AD6C2A00938C13 /* BreedImageTableViewCell.swift */; };
		5B4A79B828AD77C400938C13 /* BreedTableViewCell.xib in Resources */ = {isa = PBXBuildFile; fileRef = 5B86A24828AA9C1400126EDB /* BreedTableViewCell.xib */; };
		5B4A79B928AD77D800938C13 /* NibLoadableCell.swift in Sources */ = {isa = PBXBuildFile; fileRef = 5B86A24428AA9BD600126EDB /* NibLoadableCell.swift */; };
		5B4A79BA28AD77E700938C13 /* UITableView+Extensions.swift in Sources */ = {isa = PBXBuildFile; fileRef = 5B86A24128AA9B7000126EDB /* UITableView+Extensions.swift */; };
		5B4A79BE28AD8AFD00938C13 /* BreedTitleTableViewCell.swift in Sources */ = {isa = PBXBuildFile; fileRef = 5B4A79BC28AD8AFD00938C13 /* BreedTitleTableViewCell.swift */; };
		5B4A79BF28AD8AFD00938C13 /* BreedTitleTableViewCell.xib in Resources */ = {isa = PBXBuildFile; fileRef = 5B4A79BD28AD8AFD00938C13 /* BreedTitleTableViewCell.xib */; };
		5B4A79C128AD8CB400938C13 /* UserDefaults+Extensions.swift in Sources */ = {isa = PBXBuildFile; fileRef = 5B4A79C028AD8CB400938C13 /* UserDefaults+Extensions.swift */; };
		5B4A79C428AE204700938C13 /* BreedFavouriteListPresenter.swift in Sources */ = {isa = PBXBuildFile; fileRef = 5B4A79C328AE204700938C13 /* BreedFavouriteListPresenter.swift */; };
		5B4A79C728AE2A9600938C13 /* FavouriteButtonTableViewCell.swift in Sources */ = {isa = PBXBuildFile; fileRef = 5B4A79C528AE2A9600938C13 /* FavouriteButtonTableViewCell.swift */; };
		5B4A79C828AE2A9600938C13 /* FavouriteButtonTableViewCell.xib in Resources */ = {isa = PBXBuildFile; fileRef = 5B4A79C628AE2A9600938C13 /* FavouriteButtonTableViewCell.xib */; };
		5B4A79CC28AE343100938C13 /* NoFavouritesTableViewCell.swift in Sources */ = {isa = PBXBuildFile; fileRef = 5B4A79CA28AE343100938C13 /* NoFavouritesTableViewCell.swift */; };
		5B4A79CD28AE343100938C13 /* NoFavouritesTableViewCell.xib in Resources */ = {isa = PBXBuildFile; fileRef = 5B4A79CB28AE343100938C13 /* NoFavouritesTableViewCell.xib */; };
		5B4A79D028AE449F00938C13 /* BreedFavouriteListPresenterTests.swift in Sources */ = {isa = PBXBuildFile; fileRef = 5B4A79CF28AE449F00938C13 /* BreedFavouriteListPresenterTests.swift */; };
		5B4A79D128AE44DE00938C13 /* BreedFavouriteListPresenter.swift in Sources */ = {isa = PBXBuildFile; fileRef = 5B4A79C328AE204700938C13 /* BreedFavouriteListPresenter.swift */; };
		5B4A79D228AE44F300938C13 /* UserDefaults+Extensions.swift in Sources */ = {isa = PBXBuildFile; fileRef = 5B4A79C028AD8CB400938C13 /* UserDefaults+Extensions.swift */; };
		5B4A79D428AE458B00938C13 /* MockFavourite.swift in Sources */ = {isa = PBXBuildFile; fileRef = 5B4A79D328AE458B00938C13 /* MockFavourite.swift */; };
		5B4A79D528AE4B5C00938C13 /* FavouriteButtonTableViewCell.swift in Sources */ = {isa = PBXBuildFile; fileRef = 5B4A79C528AE2A9600938C13 /* FavouriteButtonTableViewCell.swift */; };
		5B4A79D828AE4DB300938C13 /* FavouriteTests.swift in Sources */ = {isa = PBXBuildFile; fileRef = 5B4A79D728AE4DB300938C13 /* FavouriteTests.swift */; };
		5B4A79DB28AE68D700938C13 /* ErrorTableViewCell.swift in Sources */ = {isa = PBXBuildFile; fileRef = 5B4A79D928AE68D700938C13 /* ErrorTableViewCell.swift */; };
		5B4A79DC28AE68D700938C13 /* ErrorTableViewCell.xib in Resources */ = {isa = PBXBuildFile; fileRef = 5B4A79DA28AE68D700938C13 /* ErrorTableViewCell.xib */; };
		5B86A22D28AA914700126EDB /* Alamofire.xcframework in Frameworks */ = {isa = PBXBuildFile; fileRef = 5B86A22B28AA914700126EDB /* Alamofire.xcframework */; };
		5B86A22E28AA914700126EDB /* Alamofire.xcframework in Embed Frameworks */ = {isa = PBXBuildFile; fileRef = 5B86A22B28AA914700126EDB /* Alamofire.xcframework */; settings = {ATTRIBUTES = (CodeSignOnCopy, RemoveHeadersOnCopy, ); }; };
		5B86A22F28AA914700126EDB /* AlamofireImage.xcframework in Frameworks */ = {isa = PBXBuildFile; fileRef = 5B86A22C28AA914700126EDB /* AlamofireImage.xcframework */; };
		5B86A23028AA914700126EDB /* AlamofireImage.xcframework in Embed Frameworks */ = {isa = PBXBuildFile; fileRef = 5B86A22C28AA914700126EDB /* AlamofireImage.xcframework */; settings = {ATTRIBUTES = (CodeSignOnCopy, RemoveHeadersOnCopy, ); }; };
		5B86A23428AA927300126EDB /* AppCoordinator.swift in Sources */ = {isa = PBXBuildFile; fileRef = 5B86A23328AA927300126EDB /* AppCoordinator.swift */; };
		5B86A23828AA935E00126EDB /* BreedsViewController.swift in Sources */ = {isa = PBXBuildFile; fileRef = 5B86A23628AA935E00126EDB /* BreedsViewController.swift */; };
		5B86A23928AA935E00126EDB /* BreedsViewController.xib in Resources */ = {isa = PBXBuildFile; fileRef = 5B86A23728AA935E00126EDB /* BreedsViewController.xib */; };
		5B86A23B28AA936D00126EDB /* BreedsPresenter.swift in Sources */ = {isa = PBXBuildFile; fileRef = 5B86A23A28AA936D00126EDB /* BreedsPresenter.swift */; };
		5B86A23F28AA99AD00126EDB /* BreedList.swift in Sources */ = {isa = PBXBuildFile; fileRef = 5B86A23E28AA99AD00126EDB /* BreedList.swift */; };
		5B86A24228AA9B7000126EDB /* UITableView+Extensions.swift in Sources */ = {isa = PBXBuildFile; fileRef = 5B86A24128AA9B7000126EDB /* UITableView+Extensions.swift */; };
		5B86A24528AA9BD600126EDB /* NibLoadableCell.swift in Sources */ = {isa = PBXBuildFile; fileRef = 5B86A24428AA9BD600126EDB /* NibLoadableCell.swift */; };
		5B86A24928AA9C1400126EDB /* BreedTableViewCell.swift in Sources */ = {isa = PBXBuildFile; fileRef = 5B86A24728AA9C1400126EDB /* BreedTableViewCell.swift */; };
		5B86A24A28AA9C1400126EDB /* BreedTableViewCell.xib in Resources */ = {isa = PBXBuildFile; fileRef = 5B86A24828AA9C1400126EDB /* BreedTableViewCell.xib */; };
		5B86A24D28AA9EB700126EDB /* BreedListCoordinator.swift in Sources */ = {isa = PBXBuildFile; fileRef = 5B86A24C28AA9EB700126EDB /* BreedListCoordinator.swift */; };
		5B86A25028AAA14000126EDB /* BreedsApiClient.swift in Sources */ = {isa = PBXBuildFile; fileRef = 5B86A24F28AAA14000126EDB /* BreedsApiClient.swift */; };
		5B86A25328AABAB300126EDB /* SDWebImage.xcframework in Frameworks */ = {isa = PBXBuildFile; fileRef = 5B86A25128AABAB200126EDB /* SDWebImage.xcframework */; };
		5B86A25428AABAB300126EDB /* SDWebImage.xcframework in Embed Frameworks */ = {isa = PBXBuildFile; fileRef = 5B86A25128AABAB200126EDB /* SDWebImage.xcframework */; settings = {ATTRIBUTES = (CodeSignOnCopy, RemoveHeadersOnCopy, ); }; };
		5B86A25528AABAB300126EDB /* SDWebImageMapKit.xcframework in Frameworks */ = {isa = PBXBuildFile; fileRef = 5B86A25228AABAB200126EDB /* SDWebImageMapKit.xcframework */; };
		5B86A25628AABAB300126EDB /* SDWebImageMapKit.xcframework in Embed Frameworks */ = {isa = PBXBuildFile; fileRef = 5B86A25228AABAB200126EDB /* SDWebImageMapKit.xcframework */; settings = {ATTRIBUTES = (CodeSignOnCopy, RemoveHeadersOnCopy, ); }; };
		5B86A25828AABC0300126EDB /* BreedImages.swift in Sources */ = {isa = PBXBuildFile; fileRef = 5B86A25728AABC0300126EDB /* BreedImages.swift */; };
		5B86A25A28AAC18300126EDB /* Breeds.swift in Sources */ = {isa = PBXBuildFile; fileRef = 5B86A25928AAC18300126EDB /* Breeds.swift */; };
		5B86A25E28AAD49000126EDB /* BreedsPresenterTests.swift in Sources */ = {isa = PBXBuildFile; fileRef = 5B86A25D28AAD49000126EDB /* BreedsPresenterTests.swift */; };
		5B86A25F28AAD4EE00126EDB /* BreedsPresenter.swift in Sources */ = {isa = PBXBuildFile; fileRef = 5B86A23A28AA936D00126EDB /* BreedsPresenter.swift */; };
		5B86A26028AAD55C00126EDB /* Breeds.swift in Sources */ = {isa = PBXBuildFile; fileRef = 5B86A25928AAC18300126EDB /* Breeds.swift */; };
		5B86A26128AAD5E800126EDB /* BreedsApiClient.swift in Sources */ = {isa = PBXBuildFile; fileRef = 5B86A24F28AAA14000126EDB /* BreedsApiClient.swift */; };
		5B86A26528AAD61B00126EDB /* MockBreedsApiClient.swift in Sources */ = {isa = PBXBuildFile; fileRef = 5B86A26428AAD61B00126EDB /* MockBreedsApiClient.swift */; };
		5B86A26628AAD6F100126EDB /* BreedImages.swift in Sources */ = {isa = PBXBuildFile; fileRef = 5B86A25728AABC0300126EDB /* BreedImages.swift */; };
		5B86A26728AAD6F300126EDB /* BreedList.swift in Sources */ = {isa = PBXBuildFile; fileRef = 5B86A23E28AA99AD00126EDB /* BreedList.swift */; };
		5B86A26928AADA9B00126EDB /* URL+Extensions.swift in Sources */ = {isa = PBXBuildFile; fileRef = 5B86A26828AADA9B00126EDB /* URL+Extensions.swift */; };
/* End PBXBuildFile section */

/* Begin PBXContainerItemProxy section */
		5B47232928AA83B200BD7B9C /* PBXContainerItemProxy */ = {
			isa = PBXContainerItemProxy;
			containerPortal = 5B47230A28AA83AF00BD7B9C /* Project object */;
			proxyType = 1;
			remoteGlobalIDString = 5B47231128AA83AF00BD7B9C;
			remoteInfo = WhatTypeOfDogIsThat;
		};
		5B47233328AA83B200BD7B9C /* PBXContainerItemProxy */ = {
			isa = PBXContainerItemProxy;
			containerPortal = 5B47230A28AA83AF00BD7B9C /* Project object */;
			proxyType = 1;
			remoteGlobalIDString = 5B47231128AA83AF00BD7B9C;
			remoteInfo = WhatTypeOfDogIsThat;
		};
/* End PBXContainerItemProxy section */

/* Begin PBXCopyFilesBuildPhase section */
		5B86A23128AA914700126EDB /* Embed Frameworks */ = {
			isa = PBXCopyFilesBuildPhase;
			buildActionMask = 2147483647;
			dstPath = "";
			dstSubfolderSpec = 10;
			files = (
				5B86A23028AA914700126EDB /* AlamofireImage.xcframework in Embed Frameworks */,
				5B86A25628AABAB300126EDB /* SDWebImageMapKit.xcframework in Embed Frameworks */,
				5B86A25428AABAB300126EDB /* SDWebImage.xcframework in Embed Frameworks */,
				5B86A22E28AA914700126EDB /* Alamofire.xcframework in Embed Frameworks */,
			);
			name = "Embed Frameworks";
			runOnlyForDeploymentPostprocessing = 0;
		};
/* End PBXCopyFilesBuildPhase section */

/* Begin PBXFileReference section */
		5B47231228AA83AF00BD7B9C /* WhatTypeOfDogIsThat.app */ = {isa = PBXFileReference; explicitFileType = wrapper.application; includeInIndex = 0; path = WhatTypeOfDogIsThat.app; sourceTree = BUILT_PRODUCTS_DIR; };
		5B47231528AA83AF00BD7B9C /* AppDelegate.swift */ = {isa = PBXFileReference; lastKnownFileType = sourcecode.swift; path = AppDelegate.swift; sourceTree = "<group>"; };
		5B47231728AA83AF00BD7B9C /* SceneDelegate.swift */ = {isa = PBXFileReference; lastKnownFileType = sourcecode.swift; path = SceneDelegate.swift; sourceTree = "<group>"; };
		5B47231E28AA83B100BD7B9C /* Assets.xcassets */ = {isa = PBXFileReference; lastKnownFileType = folder.assetcatalog; path = Assets.xcassets; sourceTree = "<group>"; };
		5B47232128AA83B100BD7B9C /* Base */ = {isa = PBXFileReference; lastKnownFileType = file.storyboard; name = Base; path = Base.lproj/LaunchScreen.storyboard; sourceTree = "<group>"; };
		5B47232328AA83B100BD7B9C /* Info.plist */ = {isa = PBXFileReference; lastKnownFileType = text.plist.xml; path = Info.plist; sourceTree = "<group>"; };
		5B47232828AA83B200BD7B9C /* WhatTypeOfDogIsThatTests.xctest */ = {isa = PBXFileReference; explicitFileType = wrapper.cfbundle; includeInIndex = 0; path = WhatTypeOfDogIsThatTests.xctest; sourceTree = BUILT_PRODUCTS_DIR; };
		5B47233228AA83B200BD7B9C /* WhatTypeOfDogIsThatUITests.xctest */ = {isa = PBXFileReference; explicitFileType = wrapper.cfbundle; includeInIndex = 0; path = WhatTypeOfDogIsThatUITests.xctest; sourceTree = BUILT_PRODUCTS_DIR; };
		5B47233628AA83B200BD7B9C /* WhatTypeOfDogIsThatUITests.swift */ = {isa = PBXFileReference; lastKnownFileType = sourcecode.swift; path = WhatTypeOfDogIsThatUITests.swift; sourceTree = "<group>"; };
		5B47233828AA83B200BD7B9C /* WhatTypeOfDogIsThatUITestsLaunchTests.swift */ = {isa = PBXFileReference; lastKnownFileType = sourcecode.swift; path = WhatTypeOfDogIsThatUITestsLaunchTests.swift; sourceTree = "<group>"; };
		5B4A799D28ACD97C00938C13 /* BreedMoreInformationPresenter.swift */ = {isa = PBXFileReference; lastKnownFileType = sourcecode.swift; path = BreedMoreInformationPresenter.swift; sourceTree = "<group>"; };
		5B4A799F28ACD99300938C13 /* BreedMoreInformationViewController.swift */ = {isa = PBXFileReference; lastKnownFileType = sourcecode.swift; path = BreedMoreInformationViewController.swift; sourceTree = "<group>"; };
		5B4A79A028ACD99300938C13 /* BreedMoreInformationViewController.xib */ = {isa = PBXFileReference; lastKnownFileType = file.xib; path = BreedMoreInformationViewController.xib; sourceTree = "<group>"; };
		5B4A79A628AD62DE00938C13 /* BreedNameTableViewCell.swift */ = {isa = PBXFileReference; lastKnownFileType = sourcecode.swift; path = BreedNameTableViewCell.swift; sourceTree = "<group>"; };
		5B4A79A728AD62DE00938C13 /* BreedNameTableViewCell.xib */ = {isa = PBXFileReference; lastKnownFileType = file.xib; path = BreedNameTableViewCell.xib; sourceTree = "<group>"; };
		5B4A79AC28AD6C2A00938C13 /* BreedImageTableViewCell.swift */ = {isa = PBXFileReference; lastKnownFileType = sourcecode.swift; path = BreedImageTableViewCell.swift; sourceTree = "<group>"; };
		5B4A79AD28AD6C2A00938C13 /* BreedImageTableViewCell.xib */ = {isa = PBXFileReference; lastKnownFileType = file.xib; path = BreedImageTableViewCell.xib; sourceTree = "<group>"; };
		5B4A79B128AD74AB00938C13 /* BreedInfoPresenterTests.swift */ = {isa = PBXFileReference; lastKnownFileType = sourcecode.swift; path = BreedInfoPresenterTests.swift; sourceTree = "<group>"; };
		5B4A79BC28AD8AFD00938C13 /* BreedTitleTableViewCell.swift */ = {isa = PBXFileReference; lastKnownFileType = sourcecode.swift; path = BreedTitleTableViewCell.swift; sourceTree = "<group>"; };
		5B4A79BD28AD8AFD00938C13 /* BreedTitleTableViewCell.xib */ = {isa = PBXFileReference; lastKnownFileType = file.xib; path = BreedTitleTableViewCell.xib; sourceTree = "<group>"; };
		5B4A79C028AD8CB400938C13 /* UserDefaults+Extensions.swift */ = {isa = PBXFileReference; lastKnownFileType = sourcecode.swift; path = "UserDefaults+Extensions.swift"; sourceTree = "<group>"; };
		5B4A79C328AE204700938C13 /* BreedFavouriteListPresenter.swift */ = {isa = PBXFileReference; lastKnownFileType = sourcecode.swift; path = BreedFavouriteListPresenter.swift; sourceTree = "<group>"; };
		5B4A79C528AE2A9600938C13 /* FavouriteButtonTableViewCell.swift */ = {isa = PBXFileReference; lastKnownFileType = sourcecode.swift; path = FavouriteButtonTableViewCell.swift; sourceTree = "<group>"; };
		5B4A79C628AE2A9600938C13 /* FavouriteButtonTableViewCell.xib */ = {isa = PBXFileReference; lastKnownFileType = file.xib; path = FavouriteButtonTableViewCell.xib; sourceTree = "<group>"; };
		5B4A79CA28AE343100938C13 /* NoFavouritesTableViewCell.swift */ = {isa = PBXFileReference; lastKnownFileType = sourcecode.swift; path = NoFavouritesTableViewCell.swift; sourceTree = "<group>"; };
		5B4A79CB28AE343100938C13 /* NoFavouritesTableViewCell.xib */ = {isa = PBXFileReference; lastKnownFileType = file.xib; path = NoFavouritesTableViewCell.xib; sourceTree = "<group>"; };
		5B4A79CF28AE449F00938C13 /* BreedFavouriteListPresenterTests.swift */ = {isa = PBXFileReference; lastKnownFileType = sourcecode.swift; path = BreedFavouriteListPresenterTests.swift; sourceTree = "<group>"; };
		5B4A79D328AE458B00938C13 /* MockFavourite.swift */ = {isa = PBXFileReference; lastKnownFileType = sourcecode.swift; path = MockFavourite.swift; sourceTree = "<group>"; };
		5B4A79D728AE4DB300938C13 /* FavouriteTests.swift */ = {isa = PBXFileReference; lastKnownFileType = sourcecode.swift; path = FavouriteTests.swift; sourceTree = "<group>"; };
		5B4A79D928AE68D700938C13 /* ErrorTableViewCell.swift */ = {isa = PBXFileReference; lastKnownFileType = sourcecode.swift; path = ErrorTableViewCell.swift; sourceTree = "<group>"; };
		5B4A79DA28AE68D700938C13 /* ErrorTableViewCell.xib */ = {isa = PBXFileReference; lastKnownFileType = file.xib; path = ErrorTableViewCell.xib; sourceTree = "<group>"; };
		5B86A22B28AA914700126EDB /* Alamofire.xcframework */ = {isa = PBXFileReference; lastKnownFileType = wrapper.xcframework; name = Alamofire.xcframework; path = Carthage/Build/Alamofire.xcframework; sourceTree = "<group>"; };
		5B86A22C28AA914700126EDB /* AlamofireImage.xcframework */ = {isa = PBXFileReference; lastKnownFileType = wrapper.xcframework; name = AlamofireImage.xcframework; path = Carthage/Build/AlamofireImage.xcframework; sourceTree = "<group>"; };
		5B86A23328AA927300126EDB /* AppCoordinator.swift */ = {isa = PBXFileReference; lastKnownFileType = sourcecode.swift; path = AppCoordinator.swift; sourceTree = "<group>"; };
		5B86A23628AA935E00126EDB /* BreedsViewController.swift */ = {isa = PBXFileReference; lastKnownFileType = sourcecode.swift; path = BreedsViewController.swift; sourceTree = "<group>"; };
		5B86A23728AA935E00126EDB /* BreedsViewController.xib */ = {isa = PBXFileReference; lastKnownFileType = file.xib; path = BreedsViewController.xib; sourceTree = "<group>"; };
		5B86A23A28AA936D00126EDB /* BreedsPresenter.swift */ = {isa = PBXFileReference; lastKnownFileType = sourcecode.swift; path = BreedsPresenter.swift; sourceTree = "<group>"; };
		5B86A23E28AA99AD00126EDB /* BreedList.swift */ = {isa = PBXFileReference; lastKnownFileType = sourcecode.swift; path = BreedList.swift; sourceTree = "<group>"; };
		5B86A24128AA9B7000126EDB /* UITableView+Extensions.swift */ = {isa = PBXFileReference; lastKnownFileType = sourcecode.swift; path = "UITableView+Extensions.swift"; sourceTree = "<group>"; };
		5B86A24428AA9BD600126EDB /* NibLoadableCell.swift */ = {isa = PBXFileReference; lastKnownFileType = sourcecode.swift; path = NibLoadableCell.swift; sourceTree = "<group>"; };
		5B86A24728AA9C1400126EDB /* BreedTableViewCell.swift */ = {isa = PBXFileReference; lastKnownFileType = sourcecode.swift; path = BreedTableViewCell.swift; sourceTree = "<group>"; };
		5B86A24828AA9C1400126EDB /* BreedTableViewCell.xib */ = {isa = PBXFileReference; lastKnownFileType = file.xib; path = BreedTableViewCell.xib; sourceTree = "<group>"; };
		5B86A24C28AA9EB700126EDB /* BreedListCoordinator.swift */ = {isa = PBXFileReference; lastKnownFileType = sourcecode.swift; path = BreedListCoordinator.swift; sourceTree = "<group>"; };
		5B86A24F28AAA14000126EDB /* BreedsApiClient.swift */ = {isa = PBXFileReference; lastKnownFileType = sourcecode.swift; path = BreedsApiClient.swift; sourceTree = "<group>"; };
		5B86A25128AABAB200126EDB /* SDWebImage.xcframework */ = {isa = PBXFileReference; lastKnownFileType = wrapper.xcframework; name = SDWebImage.xcframework; path = Carthage/Build/SDWebImage.xcframework; sourceTree = "<group>"; };
		5B86A25228AABAB200126EDB /* SDWebImageMapKit.xcframework */ = {isa = PBXFileReference; lastKnownFileType = wrapper.xcframework; name = SDWebImageMapKit.xcframework; path = Carthage/Build/SDWebImageMapKit.xcframework; sourceTree = "<group>"; };
		5B86A25728AABC0300126EDB /* BreedImages.swift */ = {isa = PBXFileReference; lastKnownFileType = sourcecode.swift; path = BreedImages.swift; sourceTree = "<group>"; };
		5B86A25928AAC18300126EDB /* Breeds.swift */ = {isa = PBXFileReference; lastKnownFileType = sourcecode.swift; path = Breeds.swift; sourceTree = "<group>"; };
		5B86A25D28AAD49000126EDB /* BreedsPresenterTests.swift */ = {isa = PBXFileReference; lastKnownFileType = sourcecode.swift; path = BreedsPresenterTests.swift; sourceTree = "<group>"; };
		5B86A26428AAD61B00126EDB /* MockBreedsApiClient.swift */ = {isa = PBXFileReference; lastKnownFileType = sourcecode.swift; path = MockBreedsApiClient.swift; sourceTree = "<group>"; };
		5B86A26828AADA9B00126EDB /* URL+Extensions.swift */ = {isa = PBXFileReference; lastKnownFileType = sourcecode.swift; path = "URL+Extensions.swift"; sourceTree = "<group>"; };
/* End PBXFileReference section */

/* Begin PBXFrameworksBuildPhase section */
		5B47230F28AA83AF00BD7B9C /* Frameworks */ = {
			isa = PBXFrameworksBuildPhase;
			buildActionMask = 2147483647;
			files = (
				5B86A22F28AA914700126EDB /* AlamofireImage.xcframework in Frameworks */,
				5B86A25528AABAB300126EDB /* SDWebImageMapKit.xcframework in Frameworks */,
				5B86A25328AABAB300126EDB /* SDWebImage.xcframework in Frameworks */,
				5B86A22D28AA914700126EDB /* Alamofire.xcframework in Frameworks */,
			);
			runOnlyForDeploymentPostprocessing = 0;
		};
		5B47232528AA83B200BD7B9C /* Frameworks */ = {
			isa = PBXFrameworksBuildPhase;
			buildActionMask = 2147483647;
			files = (
			);
			runOnlyForDeploymentPostprocessing = 0;
		};
		5B47232F28AA83B200BD7B9C /* Frameworks */ = {
			isa = PBXFrameworksBuildPhase;
			buildActionMask = 2147483647;
			files = (
			);
			runOnlyForDeploymentPostprocessing = 0;
		};
/* End PBXFrameworksBuildPhase section */

/* Begin PBXGroup section */
		5B47230928AA83AF00BD7B9C = {
			isa = PBXGroup;
			children = (
				5B47231428AA83AF00BD7B9C /* WhatTypeOfDogIsThat */,
				5B47232B28AA83B200BD7B9C /* WhatTypeOfDogIsThatTests */,
				5B47233528AA83B200BD7B9C /* WhatTypeOfDogIsThatUITests */,
				5B47231328AA83AF00BD7B9C /* Products */,
				5B86A22A28AA914600126EDB /* Frameworks */,
			);
			sourceTree = "<group>";
		};
		5B47231328AA83AF00BD7B9C /* Products */ = {
			isa = PBXGroup;
			children = (
				5B47231228AA83AF00BD7B9C /* WhatTypeOfDogIsThat.app */,
				5B47232828AA83B200BD7B9C /* WhatTypeOfDogIsThatTests.xctest */,
				5B47233228AA83B200BD7B9C /* WhatTypeOfDogIsThatUITests.xctest */,
			);
			name = Products;
			sourceTree = "<group>";
		};
		5B47231428AA83AF00BD7B9C /* WhatTypeOfDogIsThat */ = {
			isa = PBXGroup;
			children = (
				5B86A24E28AAA13400126EDB /* API Client */,
				5B86A23228AA926200126EDB /* App Coordinator */,
				5B86A23528AA934200126EDB /* Breeds */,
				5B86A24028AA9B5800126EDB /* Extensions */,
				5B47231E28AA83B100BD7B9C /* Assets.xcassets */,
				5B47232028AA83B100BD7B9C /* LaunchScreen.storyboard */,
				5B47232328AA83B100BD7B9C /* Info.plist */,
			);
			path = WhatTypeOfDogIsThat;
			sourceTree = "<group>";
		};
		5B47232B28AA83B200BD7B9C /* WhatTypeOfDogIsThatTests */ = {
			isa = PBXGroup;
			children = (
				5B86A26328AAD60400126EDB /* APIClient */,
				5B86A26228AAD5F500126EDB /* Breeds */,
				5B4A79D628AE4D9900938C13 /* Protocols */,
			);
			path = WhatTypeOfDogIsThatTests;
			sourceTree = "<group>";
		};
		5B47233528AA83B200BD7B9C /* WhatTypeOfDogIsThatUITests */ = {
			isa = PBXGroup;
			children = (
				5B47233628AA83B200BD7B9C /* WhatTypeOfDogIsThatUITests.swift */,
				5B47233828AA83B200BD7B9C /* WhatTypeOfDogIsThatUITestsLaunchTests.swift */,
			);
			path = WhatTypeOfDogIsThatUITests;
			sourceTree = "<group>";
		};
		5B4A799C28ACD96200938C13 /* BreedInfo */ = {
			isa = PBXGroup;
			children = (
				5B4A79A528AD62B100938C13 /* Cells */,
				5B4A799D28ACD97C00938C13 /* BreedMoreInformationPresenter.swift */,
				5B4A799F28ACD99300938C13 /* BreedMoreInformationViewController.swift */,
				5B4A79A028ACD99300938C13 /* BreedMoreInformationViewController.xib */,
			);
			path = BreedInfo;
			sourceTree = "<group>";
		};
		5B4A79A328ACDBF600938C13 /* Breeds List */ = {
			isa = PBXGroup;
			children = (
				5B86A24628AA9BF200126EDB /* Cells */,
				5B86A23D28AA99A200126EDB /* Models */,
				5B86A23628AA935E00126EDB /* BreedsViewController.swift */,
				5B86A23728AA935E00126EDB /* BreedsViewController.xib */,
				5B86A23A28AA936D00126EDB /* BreedsPresenter.swift */,
			);
			path = "Breeds List";
			sourceTree = "<group>";
		};
		5B4A79A528AD62B100938C13 /* Cells */ = {
			isa = PBXGroup;
			children = (
				5B4A79A628AD62DE00938C13 /* BreedNameTableViewCell.swift */,
				5B4A79A728AD62DE00938C13 /* BreedNameTableViewCell.xib */,
				5B4A79AC28AD6C2A00938C13 /* BreedImageTableViewCell.swift */,
				5B4A79AD28AD6C2A00938C13 /* BreedImageTableViewCell.xib */,
				5B4A79BC28AD8AFD00938C13 /* BreedTitleTableViewCell.swift */,
				5B4A79BD28AD8AFD00938C13 /* BreedTitleTableViewCell.xib */,
				5B4A79D928AE68D700938C13 /* ErrorTableViewCell.swift */,
				5B4A79DA28AE68D700938C13 /* ErrorTableViewCell.xib */,
			);
			path = Cells;
			sourceTree = "<group>";
		};
		5B4A79B028AD742900938C13 /* BreedsList */ = {
			isa = PBXGroup;
			children = (
				5B86A25D28AAD49000126EDB /* BreedsPresenterTests.swift */,
			);
			path = BreedsList;
			sourceTree = "<group>";
		};
		5B4A79BB28AD78E500938C13 /* BreedMoreInfo */ = {
			isa = PBXGroup;
			children = (
				5B4A79B128AD74AB00938C13 /* BreedInfoPresenterTests.swift */,
			);
			path = BreedMoreInfo;
			sourceTree = "<group>";
		};
		5B4A79C228AE201E00938C13 /* Favourite List */ = {
			isa = PBXGroup;
			children = (
				5B4A79C928AE33F800938C13 /* Cells */,
				5B4A79C328AE204700938C13 /* BreedFavouriteListPresenter.swift */,
			);
			path = "Favourite List";
			sourceTree = "<group>";
		};
		5B4A79C928AE33F800938C13 /* Cells */ = {
			isa = PBXGroup;
			children = (
				5B4A79C528AE2A9600938C13 /* FavouriteButtonTableViewCell.swift */,
				5B4A79C628AE2A9600938C13 /* FavouriteButtonTableViewCell.xib */,
				5B4A79CA28AE343100938C13 /* NoFavouritesTableViewCell.swift */,
				5B4A79CB28AE343100938C13 /* NoFavouritesTableViewCell.xib */,
			);
			path = Cells;
			sourceTree = "<group>";
		};
		5B4A79CE28AE449000938C13 /* Favourites */ = {
			isa = PBXGroup;
			children = (
				5B4A79CF28AE449F00938C13 /* BreedFavouriteListPresenterTests.swift */,
			);
			path = Favourites;
			sourceTree = "<group>";
		};
		5B4A79D628AE4D9900938C13 /* Protocols */ = {
			isa = PBXGroup;
			children = (
				5B4A79D728AE4DB300938C13 /* FavouriteTests.swift */,
			);
			path = Protocols;
			sourceTree = "<group>";
		};
		5B86A22A28AA914600126EDB /* Frameworks */ = {
			isa = PBXGroup;
			children = (
				5B86A25128AABAB200126EDB /* SDWebImage.xcframework */,
				5B86A25228AABAB200126EDB /* SDWebImageMapKit.xcframework */,
				5B86A22B28AA914700126EDB /* Alamofire.xcframework */,
				5B86A22C28AA914700126EDB /* AlamofireImage.xcframework */,
			);
			name = Frameworks;
			sourceTree = "<group>";
		};
		5B86A23228AA926200126EDB /* App Coordinator */ = {
			isa = PBXGroup;
			children = (
				5B47231728AA83AF00BD7B9C /* SceneDelegate.swift */,
				5B47231528AA83AF00BD7B9C /* AppDelegate.swift */,
				5B86A23328AA927300126EDB /* AppCoordinator.swift */,
			);
			path = "App Coordinator";
			sourceTree = "<group>";
		};
		5B86A23528AA934200126EDB /* Breeds */ = {
			isa = PBXGroup;
			children = (
				5B86A24C28AA9EB700126EDB /* BreedListCoordinator.swift */,
				5B4A79C228AE201E00938C13 /* Favourite List */,
				5B4A799C28ACD96200938C13 /* BreedInfo */,
				5B4A79A328ACDBF600938C13 /* Breeds List */,
			);
			path = Breeds;
			sourceTree = "<group>";
		};
		5B86A23D28AA99A200126EDB /* Models */ = {
			isa = PBXGroup;
			children = (
				5B86A23E28AA99AD00126EDB /* BreedList.swift */,
				5B86A25728AABC0300126EDB /* BreedImages.swift */,
				5B86A25928AAC18300126EDB /* Breeds.swift */,
			);
			path = Models;
			sourceTree = "<group>";
		};
		5B86A24028AA9B5800126EDB /* Extensions */ = {
			isa = PBXGroup;
			children = (
				5B86A26828AADA9B00126EDB /* URL+Extensions.swift */,
				5B86A24328AA9BC900126EDB /* Protocols */,
				5B86A24128AA9B7000126EDB /* UITableView+Extensions.swift */,
				5B4A79C028AD8CB400938C13 /* UserDefaults+Extensions.swift */,
			);
			path = Extensions;
			sourceTree = "<group>";
		};
		5B86A24328AA9BC900126EDB /* Protocols */ = {
			isa = PBXGroup;
			children = (
				5B86A24428AA9BD600126EDB /* NibLoadableCell.swift */,
			);
			path = Protocols;
			sourceTree = "<group>";
		};
		5B86A24628AA9BF200126EDB /* Cells */ = {
			isa = PBXGroup;
			children = (
				5B86A24728AA9C1400126EDB /* BreedTableViewCell.swift */,
				5B86A24828AA9C1400126EDB /* BreedTableViewCell.xib */,
			);
			path = Cells;
			sourceTree = "<group>";
		};
		5B86A24E28AAA13400126EDB /* API Client */ = {
			isa = PBXGroup;
			children = (
				5B86A24F28AAA14000126EDB /* BreedsApiClient.swift */,
			);
			path = "API Client";
			sourceTree = "<group>";
		};
		5B86A26228AAD5F500126EDB /* Breeds */ = {
			isa = PBXGroup;
			children = (
				5B4A79CE28AE449000938C13 /* Favourites */,
				5B4A79BB28AD78E500938C13 /* BreedMoreInfo */,
				5B4A79B028AD742900938C13 /* BreedsList */,
			);
			path = Breeds;
			sourceTree = "<group>";
		};
		5B86A26328AAD60400126EDB /* APIClient */ = {
			isa = PBXGroup;
			children = (
				5B86A26428AAD61B00126EDB /* MockBreedsApiClient.swift */,
				5B4A79D328AE458B00938C13 /* MockFavourite.swift */,
			);
			path = APIClient;
			sourceTree = "<group>";
		};
/* End PBXGroup section */

/* Begin PBXNativeTarget section */
		5B47231128AA83AF00BD7B9C /* WhatTypeOfDogIsThat */ = {
			isa = PBXNativeTarget;
			buildConfigurationList = 5B47233C28AA83B200BD7B9C /* Build configuration list for PBXNativeTarget "WhatTypeOfDogIsThat" */;
			buildPhases = (
				5B47230E28AA83AF00BD7B9C /* Sources */,
				5B47230F28AA83AF00BD7B9C /* Frameworks */,
				5B47231028AA83AF00BD7B9C /* Resources */,
				5B86A23128AA914700126EDB /* Embed Frameworks */,
			);
			buildRules = (
			);
			dependencies = (
			);
			name = WhatTypeOfDogIsThat;
			productName = WhatTypeOfDogIsThat;
			productReference = 5B47231228AA83AF00BD7B9C /* WhatTypeOfDogIsThat.app */;
			productType = "com.apple.product-type.application";
		};
		5B47232728AA83B200BD7B9C /* WhatTypeOfDogIsThatTests */ = {
			isa = PBXNativeTarget;
			buildConfigurationList = 5B47233F28AA83B200BD7B9C /* Build configuration list for PBXNativeTarget "WhatTypeOfDogIsThatTests" */;
			buildPhases = (
				5B47232428AA83B200BD7B9C /* Sources */,
				5B47232528AA83B200BD7B9C /* Frameworks */,
				5B47232628AA83B200BD7B9C /* Resources */,
			);
			buildRules = (
			);
			dependencies = (
				5B47232A28AA83B200BD7B9C /* PBXTargetDependency */,
			);
			name = WhatTypeOfDogIsThatTests;
			productName = WhatTypeOfDogIsThatTests;
			productReference = 5B47232828AA83B200BD7B9C /* WhatTypeOfDogIsThatTests.xctest */;
			productType = "com.apple.product-type.bundle.unit-test";
		};
		5B47233128AA83B200BD7B9C /* WhatTypeOfDogIsThatUITests */ = {
			isa = PBXNativeTarget;
			buildConfigurationList = 5B47234228AA83B200BD7B9C /* Build configuration list for PBXNativeTarget "WhatTypeOfDogIsThatUITests" */;
			buildPhases = (
				5B47232E28AA83B200BD7B9C /* Sources */,
				5B47232F28AA83B200BD7B9C /* Frameworks */,
				5B47233028AA83B200BD7B9C /* Resources */,
			);
			buildRules = (
			);
			dependencies = (
				5B47233428AA83B200BD7B9C /* PBXTargetDependency */,
			);
			name = WhatTypeOfDogIsThatUITests;
			productName = WhatTypeOfDogIsThatUITests;
			productReference = 5B47233228AA83B200BD7B9C /* WhatTypeOfDogIsThatUITests.xctest */;
			productType = "com.apple.product-type.bundle.ui-testing";
		};
/* End PBXNativeTarget section */

/* Begin PBXProject section */
		5B47230A28AA83AF00BD7B9C /* Project object */ = {
			isa = PBXProject;
			attributes = {
				BuildIndependentTargetsInParallel = 1;
				LastSwiftUpdateCheck = 1340;
				LastUpgradeCheck = 1340;
				TargetAttributes = {
					5B47231128AA83AF00BD7B9C = {
						CreatedOnToolsVersion = 13.4.1;
					};
					5B47232728AA83B200BD7B9C = {
						CreatedOnToolsVersion = 13.4.1;
						TestTargetID = 5B47231128AA83AF00BD7B9C;
					};
					5B47233128AA83B200BD7B9C = {
						CreatedOnToolsVersion = 13.4.1;
						TestTargetID = 5B47231128AA83AF00BD7B9C;
					};
				};
			};
			buildConfigurationList = 5B47230D28AA83AF00BD7B9C /* Build configuration list for PBXProject "WhatTypeOfDogIsThat" */;
			compatibilityVersion = "Xcode 13.0";
			developmentRegion = en;
			hasScannedForEncodings = 0;
			knownRegions = (
				en,
				Base,
			);
			mainGroup = 5B47230928AA83AF00BD7B9C;
			productRefGroup = 5B47231328AA83AF00BD7B9C /* Products */;
			projectDirPath = "";
			projectRoot = "";
			targets = (
				5B47231128AA83AF00BD7B9C /* WhatTypeOfDogIsThat */,
				5B47232728AA83B200BD7B9C /* WhatTypeOfDogIsThatTests */,
				5B47233128AA83B200BD7B9C /* WhatTypeOfDogIsThatUITests */,
			);
		};
/* End PBXProject section */

/* Begin PBXResourcesBuildPhase section */
		5B47231028AA83AF00BD7B9C /* Resources */ = {
			isa = PBXResourcesBuildPhase;
			buildActionMask = 2147483647;
			files = (
				5B47232228AA83B100BD7B9C /* LaunchScreen.storyboard in Resources */,
				5B86A23928AA935E00126EDB /* BreedsViewController.xib in Resources */,
				5B4A79CD28AE343100938C13 /* NoFavouritesTableViewCell.xib in Resources */,
				5B4A79C828AE2A9600938C13 /* FavouriteButtonTableViewCell.xib in Resources */,
				5B86A24A28AA9C1400126EDB /* BreedTableViewCell.xib in Resources */,
				5B4A79A928AD62DE00938C13 /* BreedNameTableViewCell.xib in Resources */,
				5B4A79AF28AD6C2A00938C13 /* BreedImageTableViewCell.xib in Resources */,
				5B4A79A228ACD99300938C13 /* BreedMoreInformationViewController.xib in Resources */,
				5B4A79BF28AD8AFD00938C13 /* BreedTitleTableViewCell.xib in Resources */,
				5B4A79DC28AE68D700938C13 /* ErrorTableViewCell.xib in Resources */,
				5B47231F28AA83B100BD7B9C /* Assets.xcassets in Resources */,
			);
			runOnlyForDeploymentPostprocessing = 0;
		};
		5B47232628AA83B200BD7B9C /* Resources */ = {
			isa = PBXResourcesBuildPhase;
			buildActionMask = 2147483647;
			files = (
				5B4A79B828AD77C400938C13 /* BreedTableViewCell.xib in Resources */,
			);
			runOnlyForDeploymentPostprocessing = 0;
		};
		5B47233028AA83B200BD7B9C /* Resources */ = {
			isa = PBXResourcesBuildPhase;
			buildActionMask = 2147483647;
			files = (
			);
			runOnlyForDeploymentPostprocessing = 0;
		};
/* End PBXResourcesBuildPhase section */

/* Begin PBXSourcesBuildPhase section */
		5B47230E28AA83AF00BD7B9C /* Sources */ = {
			isa = PBXSourcesBuildPhase;
			buildActionMask = 2147483647;
			files = (
				5B86A25A28AAC18300126EDB /* Breeds.swift in Sources */,
				5B86A24928AA9C1400126EDB /* BreedTableViewCell.swift in Sources */,
				5B86A23F28AA99AD00126EDB /* BreedList.swift in Sources */,
				5B4A79C728AE2A9600938C13 /* FavouriteButtonTableViewCell.swift in Sources */,
				5B4A79C128AD8CB400938C13 /* UserDefaults+Extensions.swift in Sources */,
				5B86A23828AA935E00126EDB /* BreedsViewController.swift in Sources */,
				5B86A24528AA9BD600126EDB /* NibLoadableCell.swift in Sources */,
				5B86A24D28AA9EB700126EDB /* BreedListCoordinator.swift in Sources */,
				5B4A79DB28AE68D700938C13 /* ErrorTableViewCell.swift in Sources */,
				5B4A79A828AD62DE00938C13 /* BreedNameTableViewCell.swift in Sources */,
				5B4A79CC28AE343100938C13 /* NoFavouritesTableViewCell.swift in Sources */,
				5B4A79A128ACD99300938C13 /* BreedMoreInformationViewController.swift in Sources */,
				5B86A26928AADA9B00126EDB /* URL+Extensions.swift in Sources */,
				5B4A79AE28AD6C2A00938C13 /* BreedImageTableViewCell.swift in Sources */,
				5B86A25028AAA14000126EDB /* BreedsApiClient.swift in Sources */,
				5B4A799E28ACD97C00938C13 /* BreedMoreInformationPresenter.swift in Sources */,
				5B86A23428AA927300126EDB /* AppCoordinator.swift in Sources */,
				5B86A25828AABC0300126EDB /* BreedImages.swift in Sources */,
				5B4A79BE28AD8AFD00938C13 /* BreedTitleTableViewCell.swift in Sources */,
				5B86A23B28AA936D00126EDB /* BreedsPresenter.swift in Sources */,
				5B47231628AA83AF00BD7B9C /* AppDelegate.swift in Sources */,
				5B4A79C428AE204700938C13 /* BreedFavouriteListPresenter.swift in Sources */,
				5B86A24228AA9B7000126EDB /* UITableView+Extensions.swift in Sources */,
				5B47231828AA83AF00BD7B9C /* SceneDelegate.swift in Sources */,
			);
			runOnlyForDeploymentPostprocessing = 0;
		};
		5B47232428AA83B200BD7B9C /* Sources */ = {
			isa = PBXSourcesBuildPhase;
			buildActionMask = 2147483647;
			files = (
				5B4A79BA28AD77E700938C13 /* UITableView+Extensions.swift in Sources */,
				5B4A79B528AD779F00938C13 /* URL+Extensions.swift in Sources */,
				5B4A79B728AD77C000938C13 /* BreedImageTableViewCell.swift in Sources */,
				5B4A79B628AD77AB00938C13 /* BreedNameTableViewCell.swift in Sources */,
				5B86A26028AAD55C00126EDB /* Breeds.swift in Sources */,
				5B4A79D528AE4B5C00938C13 /* FavouriteButtonTableViewCell.swift in Sources */,
				5B4A79D428AE458B00938C13 /* MockFavourite.swift in Sources */,
				5B4A79D128AE44DE00938C13 /* BreedFavouriteListPresenter.swift in Sources */,
				5B4A79D828AE4DB300938C13 /* FavouriteTests.swift in Sources */,
				5B4A79D028AE449F00938C13 /* BreedFavouriteListPresenterTests.swift in Sources */,
				5B4A79B228AD74AB00938C13 /* BreedInfoPresenterTests.swift in Sources */,
				5B86A26728AAD6F300126EDB /* BreedList.swift in Sources */,
				5B86A25F28AAD4EE00126EDB /* BreedsPresenter.swift in Sources */,
				5B4A79D228AE44F300938C13 /* UserDefaults+Extensions.swift in Sources */,
				5B86A26628AAD6F100126EDB /* BreedImages.swift in Sources */,
				5B86A26528AAD61B00126EDB /* MockBreedsApiClient.swift in Sources */,
				5B4A79B328AD757F00938C13 /* BreedMoreInformationViewController.swift in Sources */,
				5B86A25E28AAD49000126EDB /* BreedsPresenterTests.swift in Sources */,
				5B4A79B928AD77D800938C13 /* NibLoadableCell.swift in Sources */,
				5B86A26128AAD5E800126EDB /* BreedsApiClient.swift in Sources */,
				5B4A79B428AD758200938C13 /* BreedMoreInformationPresenter.swift in Sources */,
			);
			runOnlyForDeploymentPostprocessing = 0;
		};
		5B47232E28AA83B200BD7B9C /* Sources */ = {
			isa = PBXSourcesBuildPhase;
			buildActionMask = 2147483647;
			files = (
				5B47233728AA83B200BD7B9C /* WhatTypeOfDogIsThatUITests.swift in Sources */,
				5B47233928AA83B200BD7B9C /* WhatTypeOfDogIsThatUITestsLaunchTests.swift in Sources */,
			);
			runOnlyForDeploymentPostprocessing = 0;
		};
/* End PBXSourcesBuildPhase section */

/* Begin PBXTargetDependency section */
		5B47232A28AA83B200BD7B9C /* PBXTargetDependency */ = {
			isa = PBXTargetDependency;
			target = 5B47231128AA83AF00BD7B9C /* WhatTypeOfDogIsThat */;
			targetProxy = 5B47232928AA83B200BD7B9C /* PBXContainerItemProxy */;
		};
		5B47233428AA83B200BD7B9C /* PBXTargetDependency */ = {
			isa = PBXTargetDependency;
			target = 5B47231128AA83AF00BD7B9C /* WhatTypeOfDogIsThat */;
			targetProxy = 5B47233328AA83B200BD7B9C /* PBXContainerItemProxy */;
		};
/* End PBXTargetDependency section */

/* Begin PBXVariantGroup section */
		5B47232028AA83B100BD7B9C /* LaunchScreen.storyboard */ = {
			isa = PBXVariantGroup;
			children = (
				5B47232128AA83B100BD7B9C /* Base */,
			);
			name = LaunchScreen.storyboard;
			sourceTree = "<group>";
		};
/* End PBXVariantGroup section */

/* Begin XCBuildConfiguration section */
		5B47233A28AA83B200BD7B9C /* Debug */ = {
			isa = XCBuildConfiguration;
			buildSettings = {
				ALWAYS_SEARCH_USER_PATHS = NO;
				CLANG_ANALYZER_NONNULL = YES;
				CLANG_ANALYZER_NUMBER_OBJECT_CONVERSION = YES_AGGRESSIVE;
				CLANG_CXX_LANGUAGE_STANDARD = "gnu++17";
				CLANG_ENABLE_MODULES = YES;
				CLANG_ENABLE_OBJC_ARC = YES;
				CLANG_ENABLE_OBJC_WEAK = YES;
				CLANG_WARN_BLOCK_CAPTURE_AUTORELEASING = YES;
				CLANG_WARN_BOOL_CONVERSION = YES;
				CLANG_WARN_COMMA = YES;
				CLANG_WARN_CONSTANT_CONVERSION = YES;
				CLANG_WARN_DEPRECATED_OBJC_IMPLEMENTATIONS = YES;
				CLANG_WARN_DIRECT_OBJC_ISA_USAGE = YES_ERROR;
				CLANG_WARN_DOCUMENTATION_COMMENTS = YES;
				CLANG_WARN_EMPTY_BODY = YES;
				CLANG_WARN_ENUM_CONVERSION = YES;
				CLANG_WARN_INFINITE_RECURSION = YES;
				CLANG_WARN_INT_CONVERSION = YES;
				CLANG_WARN_NON_LITERAL_NULL_CONVERSION = YES;
				CLANG_WARN_OBJC_IMPLICIT_RETAIN_SELF = YES;
				CLANG_WARN_OBJC_LITERAL_CONVERSION = YES;
				CLANG_WARN_OBJC_ROOT_CLASS = YES_ERROR;
				CLANG_WARN_QUOTED_INCLUDE_IN_FRAMEWORK_HEADER = YES;
				CLANG_WARN_RANGE_LOOP_ANALYSIS = YES;
				CLANG_WARN_STRICT_PROTOTYPES = YES;
				CLANG_WARN_SUSPICIOUS_MOVE = YES;
				CLANG_WARN_UNGUARDED_AVAILABILITY = YES_AGGRESSIVE;
				CLANG_WARN_UNREACHABLE_CODE = YES;
				CLANG_WARN__DUPLICATE_METHOD_MATCH = YES;
				COPY_PHASE_STRIP = NO;
				DEBUG_INFORMATION_FORMAT = dwarf;
				ENABLE_STRICT_OBJC_MSGSEND = YES;
				ENABLE_TESTABILITY = YES;
				GCC_C_LANGUAGE_STANDARD = gnu11;
				GCC_DYNAMIC_NO_PIC = NO;
				GCC_NO_COMMON_BLOCKS = YES;
				GCC_OPTIMIZATION_LEVEL = 0;
				GCC_PREPROCESSOR_DEFINITIONS = (
					"DEBUG=1",
					"$(inherited)",
				);
				GCC_WARN_64_TO_32_BIT_CONVERSION = YES;
				GCC_WARN_ABOUT_RETURN_TYPE = YES_ERROR;
				GCC_WARN_UNDECLARED_SELECTOR = YES;
				GCC_WARN_UNINITIALIZED_AUTOS = YES_AGGRESSIVE;
				GCC_WARN_UNUSED_FUNCTION = YES;
				GCC_WARN_UNUSED_VARIABLE = YES;
				IPHONEOS_DEPLOYMENT_TARGET = 15.5;
				MTL_ENABLE_DEBUG_INFO = INCLUDE_SOURCE;
				MTL_FAST_MATH = YES;
				ONLY_ACTIVE_ARCH = YES;
				SDKROOT = iphoneos;
				SWIFT_ACTIVE_COMPILATION_CONDITIONS = DEBUG;
				SWIFT_OPTIMIZATION_LEVEL = "-Onone";
			};
			name = Debug;
		};
		5B47233B28AA83B200BD7B9C /* Release */ = {
			isa = XCBuildConfiguration;
			buildSettings = {
				ALWAYS_SEARCH_USER_PATHS = NO;
				CLANG_ANALYZER_NONNULL = YES;
				CLANG_ANALYZER_NUMBER_OBJECT_CONVERSION = YES_AGGRESSIVE;
				CLANG_CXX_LANGUAGE_STANDARD = "gnu++17";
				CLANG_ENABLE_MODULES = YES;
				CLANG_ENABLE_OBJC_ARC = YES;
				CLANG_ENABLE_OBJC_WEAK = YES;
				CLANG_WARN_BLOCK_CAPTURE_AUTORELEASING = YES;
				CLANG_WARN_BOOL_CONVERSION = YES;
				CLANG_WARN_COMMA = YES;
				CLANG_WARN_CONSTANT_CONVERSION = YES;
				CLANG_WARN_DEPRECATED_OBJC_IMPLEMENTATIONS = YES;
				CLANG_WARN_DIRECT_OBJC_ISA_USAGE = YES_ERROR;
				CLANG_WARN_DOCUMENTATION_COMMENTS = YES;
				CLANG_WARN_EMPTY_BODY = YES;
				CLANG_WARN_ENUM_CONVERSION = YES;
				CLANG_WARN_INFINITE_RECURSION = YES;
				CLANG_WARN_INT_CONVERSION = YES;
				CLANG_WARN_NON_LITERAL_NULL_CONVERSION = YES;
				CLANG_WARN_OBJC_IMPLICIT_RETAIN_SELF = YES;
				CLANG_WARN_OBJC_LITERAL_CONVERSION = YES;
				CLANG_WARN_OBJC_ROOT_CLASS = YES_ERROR;
				CLANG_WARN_QUOTED_INCLUDE_IN_FRAMEWORK_HEADER = YES;
				CLANG_WARN_RANGE_LOOP_ANALYSIS = YES;
				CLANG_WARN_STRICT_PROTOTYPES = YES;
				CLANG_WARN_SUSPICIOUS_MOVE = YES;
				CLANG_WARN_UNGUARDED_AVAILABILITY = YES_AGGRESSIVE;
				CLANG_WARN_UNREACHABLE_CODE = YES;
				CLANG_WARN__DUPLICATE_METHOD_MATCH = YES;
				COPY_PHASE_STRIP = NO;
				DEBUG_INFORMATION_FORMAT = "dwarf-with-dsym";
				ENABLE_NS_ASSERTIONS = NO;
				ENABLE_STRICT_OBJC_MSGSEND = YES;
				GCC_C_LANGUAGE_STANDARD = gnu11;
				GCC_NO_COMMON_BLOCKS = YES;
				GCC_WARN_64_TO_32_BIT_CONVERSION = YES;
				GCC_WARN_ABOUT_RETURN_TYPE = YES_ERROR;
				GCC_WARN_UNDECLARED_SELECTOR = YES;
				GCC_WARN_UNINITIALIZED_AUTOS = YES_AGGRESSIVE;
				GCC_WARN_UNUSED_FUNCTION = YES;
				GCC_WARN_UNUSED_VARIABLE = YES;
				IPHONEOS_DEPLOYMENT_TARGET = 15.5;
				MTL_ENABLE_DEBUG_INFO = NO;
				MTL_FAST_MATH = YES;
				SDKROOT = iphoneos;
				SWIFT_COMPILATION_MODE = wholemodule;
				SWIFT_OPTIMIZATION_LEVEL = "-O";
				VALIDATE_PRODUCT = YES;
			};
			name = Release;
		};
		5B47233D28AA83B200BD7B9C /* Debug */ = {
			isa = XCBuildConfiguration;
			buildSettings = {
				ASSETCATALOG_COMPILER_APPICON_NAME = AppIcon;
				ASSETCATALOG_COMPILER_GLOBAL_ACCENT_COLOR_NAME = AccentColor;
				CODE_SIGN_STYLE = Automatic;
				CURRENT_PROJECT_VERSION = 1;
				DEVELOPMENT_TEAM = CN49269MWB;
				GENERATE_INFOPLIST_FILE = YES;
				INFOPLIST_FILE = WhatTypeOfDogIsThat/Info.plist;
				INFOPLIST_KEY_UIApplicationSupportsIndirectInputEvents = YES;
				INFOPLIST_KEY_UILaunchStoryboardName = LaunchScreen;
				INFOPLIST_KEY_UISupportedInterfaceOrientations_iPad = "UIInterfaceOrientationPortrait UIInterfaceOrientationPortraitUpsideDown UIInterfaceOrientationLandscapeLeft UIInterfaceOrientationLandscapeRight";
				INFOPLIST_KEY_UISupportedInterfaceOrientations_iPhone = "UIInterfaceOrientationPortrait UIInterfaceOrientationLandscapeLeft UIInterfaceOrientationLandscapeRight";
				LD_RUNPATH_SEARCH_PATHS = (
					"$(inherited)",
					"@executable_path/Frameworks",
				);
				MARKETING_VERSION = 1.0;
				PRODUCT_BUNDLE_IDENTIFIER = Uplinked.WhatTypeOfDogIsThat;
				PRODUCT_NAME = "$(TARGET_NAME)";
				SWIFT_EMIT_LOC_STRINGS = YES;
				SWIFT_VERSION = 5.0;
				TARGETED_DEVICE_FAMILY = "1,2";
			};
			name = Debug;
		};
		5B47233E28AA83B200BD7B9C /* Release */ = {
			isa = XCBuildConfiguration;
			buildSettings = {
				ASSETCATALOG_COMPILER_APPICON_NAME = AppIcon;
				ASSETCATALOG_COMPILER_GLOBAL_ACCENT_COLOR_NAME = AccentColor;
				CODE_SIGN_STYLE = Automatic;
				CURRENT_PROJECT_VERSION = 1;
				DEVELOPMENT_TEAM = CN49269MWB;
				GENERATE_INFOPLIST_FILE = YES;
				INFOPLIST_FILE = WhatTypeOfDogIsThat/Info.plist;
				INFOPLIST_KEY_UIApplicationSupportsIndirectInputEvents = YES;
				INFOPLIST_KEY_UILaunchStoryboardName = LaunchScreen;
				INFOPLIST_KEY_UISupportedInterfaceOrientations_iPad = "UIInterfaceOrientationPortrait UIInterfaceOrientationPortraitUpsideDown UIInterfaceOrientationLandscapeLeft UIInterfaceOrientationLandscapeRight";
				INFOPLIST_KEY_UISupportedInterfaceOrientations_iPhone = "UIInterfaceOrientationPortrait UIInterfaceOrientationLandscapeLeft UIInterfaceOrientationLandscapeRight";
				LD_RUNPATH_SEARCH_PATHS = (
					"$(inherited)",
					"@executable_path/Frameworks",
				);
				MARKETING_VERSION = 1.0;
				PRODUCT_BUNDLE_IDENTIFIER = Uplinked.WhatTypeOfDogIsThat;
				PRODUCT_NAME = "$(TARGET_NAME)";
				SWIFT_EMIT_LOC_STRINGS = YES;
				SWIFT_VERSION = 5.0;
				TARGETED_DEVICE_FAMILY = "1,2";
			};
			name = Release;
		};
		5B47234028AA83B200BD7B9C /* Debug */ = {
			isa = XCBuildConfiguration;
			buildSettings = {
				ALWAYS_EMBED_SWIFT_STANDARD_LIBRARIES = YES;
				BUNDLE_LOADER = "$(TEST_HOST)";
				CODE_SIGN_STYLE = Automatic;
				CURRENT_PROJECT_VERSION = 1;
				DEVELOPMENT_TEAM = CN49269MWB;
				GENERATE_INFOPLIST_FILE = YES;
				IPHONEOS_DEPLOYMENT_TARGET = 15.5;
				MARKETING_VERSION = 1.0;
				PRODUCT_BUNDLE_IDENTIFIER = Uplinked.WhatTypeOfDogIsThatTests;
				PRODUCT_NAME = "$(TARGET_NAME)";
				SWIFT_EMIT_LOC_STRINGS = NO;
				SWIFT_VERSION = 5.0;
				TARGETED_DEVICE_FAMILY = "1,2";
				TEST_HOST = "$(BUILT_PRODUCTS_DIR)/WhatTypeOfDogIsThat.app/WhatTypeOfDogIsThat";
			};
			name = Debug;
		};
		5B47234128AA83B200BD7B9C /* Release */ = {
			isa = XCBuildConfiguration;
			buildSettings = {
				ALWAYS_EMBED_SWIFT_STANDARD_LIBRARIES = YES;
				BUNDLE_LOADER = "$(TEST_HOST)";
				CODE_SIGN_STYLE = Automatic;
				CURRENT_PROJECT_VERSION = 1;
				DEVELOPMENT_TEAM = CN49269MWB;
				GENERATE_INFOPLIST_FILE = YES;
				IPHONEOS_DEPLOYMENT_TARGET = 15.5;
				MARKETING_VERSION = 1.0;
				PRODUCT_BUNDLE_IDENTIFIER = Uplinked.WhatTypeOfDogIsThatTests;
				PRODUCT_NAME = "$(TARGET_NAME)";
				SWIFT_EMIT_LOC_STRINGS = NO;
				SWIFT_VERSION = 5.0;
				TARGETED_DEVICE_FAMILY = "1,2";
				TEST_HOST = "$(BUILT_PRODUCTS_DIR)/WhatTypeOfDogIsThat.app/WhatTypeOfDogIsThat";
			};
			name = Release;
		};
		5B47234328AA83B200BD7B9C /* Debug */ = {
			isa = XCBuildConfiguration;
			buildSettings = {
				ALWAYS_EMBED_SWIFT_STANDARD_LIBRARIES = YES;
				CODE_SIGN_STYLE = Automatic;
				CURRENT_PROJECT_VERSION = 1;
				DEVELOPMENT_TEAM = CN49269MWB;
				GENERATE_INFOPLIST_FILE = YES;
				MARKETING_VERSION = 1.0;
				PRODUCT_BUNDLE_IDENTIFIER = Uplinked.WhatTypeOfDogIsThatUITests;
				PRODUCT_NAME = "$(TARGET_NAME)";
				SWIFT_EMIT_LOC_STRINGS = NO;
				SWIFT_VERSION = 5.0;
				TARGETED_DEVICE_FAMILY = "1,2";
				TEST_TARGET_NAME = WhatTypeOfDogIsThat;
			};
			name = Debug;
		};
		5B47234428AA83B200BD7B9C /* Release */ = {
			isa = XCBuildConfiguration;
			buildSettings = {
				ALWAYS_EMBED_SWIFT_STANDARD_LIBRARIES = YES;
				CODE_SIGN_STYLE = Automatic;
				CURRENT_PROJECT_VERSION = 1;
				DEVELOPMENT_TEAM = CN49269MWB;
				GENERATE_INFOPLIST_FILE = YES;
				MARKETING_VERSION = 1.0;
				PRODUCT_BUNDLE_IDENTIFIER = Uplinked.WhatTypeOfDogIsThatUITests;
				PRODUCT_NAME = "$(TARGET_NAME)";
				SWIFT_EMIT_LOC_STRINGS = NO;
				SWIFT_VERSION = 5.0;
				TARGETED_DEVICE_FAMILY = "1,2";
				TEST_TARGET_NAME = WhatTypeOfDogIsThat;
			};
			name = Release;
		};
/* End XCBuildConfiguration section */

/* Begin XCConfigurationList section */
		5B47230D28AA83AF00BD7B9C /* Build configuration list for PBXProject "WhatTypeOfDogIsThat" */ = {
			isa = XCConfigurationList;
			buildConfigurations = (
				5B47233A28AA83B200BD7B9C /* Debug */,
				5B47233B28AA83B200BD7B9C /* Release */,
			);
			defaultConfigurationIsVisible = 0;
			defaultConfigurationName = Release;
		};
		5B47233C28AA83B200BD7B9C /* Build configuration list for PBXNativeTarget "WhatTypeOfDogIsThat" */ = {
			isa = XCConfigurationList;
			buildConfigurations = (
				5B47233D28AA83B200BD7B9C /* Debug */,
				5B47233E28AA83B200BD7B9C /* Release */,
			);
			defaultConfigurationIsVisible = 0;
			defaultConfigurationName = Release;
		};
		5B47233F28AA83B200BD7B9C /* Build configuration list for PBXNativeTarget "WhatTypeOfDogIsThatTests" */ = {
			isa = XCConfigurationList;
			buildConfigurations = (
				5B47234028AA83B200BD7B9C /* Debug */,
				5B47234128AA83B200BD7B9C /* Release */,
			);
			defaultConfigurationIsVisible = 0;
			defaultConfigurationName = Release;
		};
		5B47234228AA83B200BD7B9C /* Build configuration list for PBXNativeTarget "WhatTypeOfDogIsThatUITests" */ = {
			isa = XCConfigurationList;
			buildConfigurations = (
				5B47234328AA83B200BD7B9C /* Debug */,
				5B47234428AA83B200BD7B9C /* Release */,
			);
			defaultConfigurationIsVisible = 0;
			defaultConfigurationName = Release;
		};
/* End XCConfigurationList section */
	};
	rootObject = 5B47230A28AA83AF00BD7B9C /* Project object */;
}
